
Microsoft Visual Studio Solution File, Format Version 12.00
# Visual Studio 15
VisualStudioVersion = 15.0.28307.136
MinimumVisualStudioVersion = 10.0.40219.1
Project("{FAE04EC0-301F-11D3-BF4B-00C04F79EFBC}") = "CityService", "CityService\CityService.csproj", "{674F5020-5227-447C-9985-DBF8ECF2C98A}"
EndProject
Global
	GlobalSection(SolutionConfigurationPlatforms) = preSolution
		Debug|Any CPU = Debug|Any CPU
		Release|Any CPU = Release|Any CPU
	EndGlobalSection
	GlobalSection(ProjectConfigurationPlatforms) = postSolution
		{674F5020-5227-447C-9985-DBF8ECF2C98A}.Debug|Any CPU.ActiveCfg = Debug|Any CPU
		{674F5020-5227-447C-9985-DBF8ECF2C98A}.Debug|Any CPU.Build.0 = Debug|Any CPU
		{674F5020-5227-447C-9985-DBF8ECF2C98A}.Release|Any CPU.ActiveCfg = Release|Any CPU
		{674F5020-5227-447C-9985-DBF8ECF2C98A}.Release|Any CPU.Build.0 = Release|Any CPU
	EndGlobalSection
	GlobalSection(SolutionProperties) = preSolution
		HideSolutionNode = FALSE
	EndGlobalSection
	GlobalSection(ExtensibilityGlobals) = postSolution
		SolutionGuid = {54644142-3437-4171-A9B0-999C0D98EB6E}
	EndGlobalSection
EndGlobal
